
Microsoft Visual Studio Solution File, Format Version 12.00
# Visual Studio Version 17
VisualStudioVersion = 17.0.32112.339
MinimumVisualStudioVersion = 10.0.40219.1
Project("{9A19103F-16F7-4668-BE54-9A1E7A4F7556}") = "CSharpGroup2AndMandeville", "CSharpGroup2AndMandeville\CSharpGroup2AndMandeville.csproj", "{2B822325-378F-43E6-A1EC-FC3BD9F84E85}"
EndProject
Project("{9A19103F-16F7-4668-BE54-9A1E7A4F7556}") = "CSharpGroupAndMandeville", "CSharpGroupAndMandeville\CSharpGroupAndMandeville.csproj", "{2216790F-E533-4FD0-B0D4-7A020A4FEA6E}"
EndProject
Project("{FAE04EC0-301F-11D3-BF4B-00C04F79EFBC}") = "SampleWinformsCalculator", "SampleWinformsCalculator\SampleWinformsCalculator.csproj", "{83E853AD-F026-40E5-B5F9-B80354CE8507}"
EndProject
Global
	GlobalSection(SolutionConfigurationPlatforms) = preSolution
		Debug|Any CPU = Debug|Any CPU
		Release|Any CPU = Release|Any CPU
	EndGlobalSection
	GlobalSection(ProjectConfigurationPlatforms) = postSolution
		{2B822325-378F-43E6-A1EC-FC3BD9F84E85}.Debug|Any CPU.ActiveCfg = Debug|Any CPU
		{2B822325-378F-43E6-A1EC-FC3BD9F84E85}.Debug|Any CPU.Build.0 = Debug|Any CPU
		{2B822325-378F-43E6-A1EC-FC3BD9F84E85}.Release|Any CPU.ActiveCfg = Release|Any CPU
		{2B822325-378F-43E6-A1EC-FC3BD9F84E85}.Release|Any CPU.Build.0 = Release|Any CPU
		{2216790F-E533-4FD0-B0D4-7A020A4FEA6E}.Debug|Any CPU.ActiveCfg = Debug|Any CPU
		{2216790F-E533-4FD0-B0D4-7A020A4FEA6E}.Debug|Any CPU.Build.0 = Debug|Any CPU
		{2216790F-E533-4FD0-B0D4-7A020A4FEA6E}.Release|Any CPU.ActiveCfg = Release|Any CPU
		{2216790F-E533-4FD0-B0D4-7A020A4FEA6E}.Release|Any CPU.Build.0 = Release|Any CPU
		{83E853AD-F026-40E5-B5F9-B80354CE8507}.Debug|Any CPU.ActiveCfg = Debug|Any CPU
		{83E853AD-F026-40E5-B5F9-B80354CE8507}.Debug|Any CPU.Build.0 = Debug|Any CPU
		{83E853AD-F026-40E5-B5F9-B80354CE8507}.Release|Any CPU.ActiveCfg = Release|Any CPU
		{83E853AD-F026-40E5-B5F9-B80354CE8507}.Release|Any CPU.Build.0 = Release|Any CPU
	EndGlobalSection
	GlobalSection(SolutionProperties) = preSolution
		HideSolutionNode = FALSE
	EndGlobalSection
	GlobalSection(ExtensibilityGlobals) = postSolution
		SolutionGuid = {6E5D9C53-E936-4958-B1F2-3BF6AE0D1A14}
	EndGlobalSection
EndGlobal
